
Microsoft Visual Studio Solution File, Format Version 12.00
# Visual Studio Version 16
VisualStudioVersion = 16.0.30523.141
MinimumVisualStudioVersion = 10.0.40219.1
Project("{FAE04EC0-301F-11D3-BF4B-00C04F79EFBC}") = "RoverPass.Android", "RoverPass\RoverPass.Android\RoverPass.Android.csproj", "{41041085-6504-4A64-8B7E-7040B8C60BB0}"
EndProject
Project("{FAE04EC0-301F-11D3-BF4B-00C04F79EFBC}") = "RoverPass.iOS", "RoverPass\RoverPass.iOS\RoverPass.iOS.csproj", "{57E99651-9CD3-437C-825C-1C833EED147F}"
EndProject
Project("{FAE04EC0-301F-11D3-BF4B-00C04F79EFBC}") = "RoverPass", "RoverPass\RoverPass\RoverPass.csproj", "{B8D7A964-2421-4870-9A03-C5A1F68E512C}"
EndProject
Global
	GlobalSection(SolutionConfigurationPlatforms) = preSolution
		Debug|Any CPU = Debug|Any CPU
		Debug|iPhone = Debug|iPhone
		Debug|iPhoneSimulator = Debug|iPhoneSimulator
		Release|Any CPU = Release|Any CPU
		Release|iPhone = Release|iPhone
		Release|iPhoneSimulator = Release|iPhoneSimulator
	EndGlobalSection
	GlobalSection(ProjectConfigurationPlatforms) = postSolution
		{41041085-6504-4A64-8B7E-7040B8C60BB0}.Debug|Any CPU.ActiveCfg = Debug|Any CPU
		{41041085-6504-4A64-8B7E-7040B8C60BB0}.Debug|Any CPU.Build.0 = Debug|Any CPU
		{41041085-6504-4A64-8B7E-7040B8C60BB0}.Debug|Any CPU.Deploy.0 = Debug|Any CPU
		{41041085-6504-4A64-8B7E-7040B8C60BB0}.Debug|iPhone.ActiveCfg = Debug|Any CPU
		{41041085-6504-4A64-8B7E-7040B8C60BB0}.Debug|iPhone.Build.0 = Debug|Any CPU
		{41041085-6504-4A64-8B7E-7040B8C60BB0}.Debug|iPhone.Deploy.0 = Debug|Any CPU
		{41041085-6504-4A64-8B7E-7040B8C60BB0}.Debug|iPhoneSimulator.ActiveCfg = Debug|Any CPU
		{41041085-6504-4A64-8B7E-7040B8C60BB0}.Debug|iPhoneSimulator.Build.0 = Debug|Any CPU
		{41041085-6504-4A64-8B7E-7040B8C60BB0}.Debug|iPhoneSimulator.Deploy.0 = Debug|Any CPU
		{41041085-6504-4A64-8B7E-7040B8C60BB0}.Release|Any CPU.ActiveCfg = Release|Any CPU
		{41041085-6504-4A64-8B7E-7040B8C60BB0}.Release|Any CPU.Build.0 = Release|Any CPU
		{41041085-6504-4A64-8B7E-7040B8C60BB0}.Release|Any CPU.Deploy.0 = Release|Any CPU
		{41041085-6504-4A64-8B7E-7040B8C60BB0}.Release|iPhone.ActiveCfg = Release|Any CPU
		{41041085-6504-4A64-8B7E-7040B8C60BB0}.Release|iPhone.Build.0 = Release|Any CPU
		{41041085-6504-4A64-8B7E-7040B8C60BB0}.Release|iPhone.Deploy.0 = Release|Any CPU
		{41041085-6504-4A64-8B7E-7040B8C60BB0}.Release|iPhoneSimulator.ActiveCfg = Release|Any CPU
		{41041085-6504-4A64-8B7E-7040B8C60BB0}.Release|iPhoneSimulator.Build.0 = Release|Any CPU
		{41041085-6504-4A64-8B7E-7040B8C60BB0}.Release|iPhoneSimulator.Deploy.0 = Release|Any CPU
		{57E99651-9CD3-437C-825C-1C833EED147F}.Debug|Any CPU.ActiveCfg = Debug|iPhone
		{57E99651-9CD3-437C-825C-1C833EED147F}.Debug|Any CPU.Build.0 = Debug|iPhone
		{57E99651-9CD3-437C-825C-1C833EED147F}.Debug|Any CPU.Deploy.0 = Debug|iPhone
		{57E99651-9CD3-437C-825C-1C833EED147F}.Debug|iPhone.ActiveCfg = Debug|iPhone
		{57E99651-9CD3-437C-825C-1C833EED147F}.Debug|iPhone.Build.0 = Debug|iPhone
		{57E99651-9CD3-437C-825C-1C833EED147F}.Debug|iPhone.Deploy.0 = Debug|iPhone
		{57E99651-9CD3-437C-825C-1C833EED147F}.Debug|iPhoneSimulator.ActiveCfg = Debug|iPhoneSimulator
		{57E99651-9CD3-437C-825C-1C833EED147F}.Debug|iPhoneSimulator.Build.0 = Debug|iPhoneSimulator
		{57E99651-9CD3-437C-825C-1C833EED147F}.Debug|iPhoneSimulator.Deploy.0 = Debug|iPhoneSimulator
		{57E99651-9CD3-437C-825C-1C833EED147F}.Release|Any CPU.ActiveCfg = Release|iPhoneSimulator
		{57E99651-9CD3-437C-825C-1C833EED147F}.Release|Any CPU.Build.0 = Release|iPhoneSimulator
		{57E99651-9CD3-437C-825C-1C833EED147F}.Release|Any CPU.Deploy.0 = Release|iPhoneSimulator
		{57E99651-9CD3-437C-825C-1C833EED147F}.Release|iPhone.ActiveCfg = Release|iPhone
		{57E99651-9CD3-437C-825C-1C833EED147F}.Release|iPhone.Build.0 = Release|iPhone
		{57E99651-9CD3-437C-825C-1C833EED147F}.Release|iPhone.Deploy.0 = Release|iPhone
		{57E99651-9CD3-437C-825C-1C833EED147F}.Release|iPhoneSimulator.ActiveCfg = Release|iPhoneSimulator
		{57E99651-9CD3-437C-825C-1C833EED147F}.Release|iPhoneSimulator.Build.0 = Release|iPhoneSimulator
		{57E99651-9CD3-437C-825C-1C833EED147F}.Release|iPhoneSimulator.Deploy.0 = Release|iPhoneSimulator
		{B8D7A964-2421-4870-9A03-C5A1F68E512C}.Debug|Any CPU.ActiveCfg = Debug|Any CPU
		{B8D7A964-2421-4870-9A03-C5A1F68E512C}.Debug|Any CPU.Build.0 = Debug|Any CPU
		{B8D7A964-2421-4870-9A03-C5A1F68E512C}.Debug|Any CPU.Deploy.0 = Debug|Any CPU
		{B8D7A964-2421-4870-9A03-C5A1F68E512C}.Debug|iPhone.ActiveCfg = Debug|Any CPU
		{B8D7A964-2421-4870-9A03-C5A1F68E512C}.Debug|iPhone.Build.0 = Debug|Any CPU
		{B8D7A964-2421-4870-9A03-C5A1F68E512C}.Debug|iPhone.Deploy.0 = Debug|Any CPU
		{B8D7A964-2421-4870-9A03-C5A1F68E512C}.Debug|iPhoneSimulator.ActiveCfg = Debug|Any CPU
		{B8D7A964-2421-4870-9A03-C5A1F68E512C}.Debug|iPhoneSimulator.Build.0 = Debug|Any CPU
		{B8D7A964-2421-4870-9A03-C5A1F68E512C}.Debug|iPhoneSimulator.Deploy.0 = Debug|Any CPU
		{B8D7A964-2421-4870-9A03-C5A1F68E512C}.Release|Any CPU.ActiveCfg = Release|Any CPU
		{B8D7A964-2421-4870-9A03-C5A1F68E512C}.Release|Any CPU.Build.0 = Release|Any CPU
		{B8D7A964-2421-4870-9A03-C5A1F68E512C}.Release|Any CPU.Deploy.0 = Release|Any CPU
		{B8D7A964-2421-4870-9A03-C5A1F68E512C}.Release|iPhone.ActiveCfg = Release|Any CPU
		{B8D7A964-2421-4870-9A03-C5A1F68E512C}.Release|iPhone.Build.0 = Release|Any CPU
		{B8D7A964-2421-4870-9A03-C5A1F68E512C}.Release|iPhone.Deploy.0 = Release|Any CPU
		{B8D7A964-2421-4870-9A03-C5A1F68E512C}.Release|iPhoneSimulator.ActiveCfg = Release|Any CPU
		{B8D7A964-2421-4870-9A03-C5A1F68E512C}.Release|iPhoneSimulator.Build.0 = Release|Any CPU
		{B8D7A964-2421-4870-9A03-C5A1F68E512C}.Release|iPhoneSimulator.Deploy.0 = Release|Any CPU
	EndGlobalSection
	GlobalSection(SolutionProperties) = preSolution
		HideSolutionNode = FALSE
	EndGlobalSection
	GlobalSection(ExtensibilityGlobals) = postSolution
		SolutionGuid = {5BA672AE-822E-441E-B498-07210E161F53}
	EndGlobalSection
EndGlobal
